PODS:
  - AFNetworking (3.2.1):
    - AFNetworking/NSURLSession (= 3.2.1)
    - AFNetworking/Reachability (= 3.2.1)
    - AFNetworking/Security (= 3.2.1)
    - AFNetworking/Serialization (= 3.2.1)
    - AFNetworking/UIKit (= 3.2.1)
  - AFNetworking/NSURLSession (3.2.1):
    - AFNetworking/Reachability
    - AFNetworking/Security
    - AFNetworking/Serialization
  - AFNetworking/Reachability (3.2.1)
  - AFNetworking/Security (3.2.1)
  - AFNetworking/Serialization (3.2.1)
  - AFNetworking/UIKit (3.2.1):
    - AFNetworking/NSURLSession
  - ASProgressPopUpView (0.8)
  - Bugly (2.5.0)
  - CocoaAsyncSocket (7.6.3)
  - CTMediator (25)
  - IQKeyboardManager (6.5.3)
  - Masonry (1.1.0)
  - MBProgressHUD (1.0.0)
  - MJRefresh (3.2.0)
  - RDVTabBarController (1.1.9)
  - SVProgressHUD (2.1.2)

DEPENDENCIES:
  - AFNetworking
  - ASProgressPopUpView
  - Bugly
  - CocoaAsyncSocket
  - CTMediator
  - IQKeyboardManager
  - Masonry
  - MBProgressHUD
  - MJRefresh
  - RDVTabBarController
  - SVProgressHUD

SPEC REPOS:
  https://github.com/cocoapods/specs.git:
    - AFNetworking
    - ASProgressPopUpView
    - Bugly
    - CocoaAsyncSocket
    - CTMediator
    - IQKeyboardManager
    - Masonry
    - MBProgressHUD
    - MJRefresh
    - RDVTabBarController
    - SVProgressHUD

SPEC CHECKSUMS:
  AFNetworking: b6f891fdfaed196b46c7a83cf209e09697b94057
  ASProgressPopUpView: 945c19297da09a625db48a5a37cabd7756916b9b
  Bugly: 3ca9f255c01025582df26f9222893b383c7e4b4e
  CocoaAsyncSocket: eafaa68a7e0ec99ead0a7b35015e0bf25d2c8987
  CTMediator: 830c1fc204b3a6abf2a059510c7380f56343da0f
  IQKeyboardManager: c2f901164d56807a35788483584d09fa69192e8e
  Masonry: 678fab65091a9290e40e2832a55e7ab731aad201
  MBProgressHUD: 4890f671c94e8a0f3cf959aa731e9de2f036d71a
  MJRefresh: ed450d6eb9d3346a2cb033ab7eb6de090aeef437
  RDVTabBarController: 67794f7a7a37f8e32f046f85ac67d06ab92d624a
  SVProgressHUD: c404a55d78acbeb7ebb78b76d3faf986475a6994

PODFILE CHECKSUM: 05b9e301bfbd0d05c01920d87d4a8ccf167abd9a

COCOAPODS: 1.7.3
